
Microsoft Visual Studio Solution File, Format Version 12.00
# Visual Studio Version 16
VisualStudioVersion = 16.0.31402.337
MinimumVisualStudioVersion = 10.0.40219.1
Project("{FAE04EC0-301F-11D3-BF4B-00C04F79EFBC}") = "EjemploTDD1", "EjemploTDD1\EjemploTDD1.csproj", "{91F1B23C-B618-47C5-92AB-36ED2421ADA8}"
EndProject
Project("{FAE04EC0-301F-11D3-BF4B-00C04F79EFBC}") = "EjemploTDD1.Test", "EjemploTDD1.Test\EjemploTDD1.Test.csproj", "{8F9F8B75-0C5C-489D-8784-4ABC948A919D}"
EndProject
Project("{FAE04EC0-301F-11D3-BF4B-00C04F79EFBC}") = "EjemploTDD2", "EjemploTDD2\EjemploTDD2.csproj", "{BDCAC892-BEB4-421D-94DD-AD0ADBBBA770}"
EndProject
Project("{FAE04EC0-301F-11D3-BF4B-00C04F79EFBC}") = "EjemploTDD2.Test", "EjemploTDD2.Test\EjemploTDD2.Test.csproj", "{4472AECF-7E6D-465A-B7A6-EE43D43308F5}"
EndProject
Project("{FAE04EC0-301F-11D3-BF4B-00C04F79EFBC}") = "TestProject1", "TestProject1\TestProject1.csproj", "{5523EA4E-2D65-4FAD-B2E4-46449C12C5F0}"
EndProject
Global
	GlobalSection(SolutionConfigurationPlatforms) = preSolution
		Debug|Any CPU = Debug|Any CPU
		Release|Any CPU = Release|Any CPU
	EndGlobalSection
	GlobalSection(ProjectConfigurationPlatforms) = postSolution
		{91F1B23C-B618-47C5-92AB-36ED2421ADA8}.Debug|Any CPU.ActiveCfg = Debug|Any CPU
		{91F1B23C-B618-47C5-92AB-36ED2421ADA8}.Debug|Any CPU.Build.0 = Debug|Any CPU
		{91F1B23C-B618-47C5-92AB-36ED2421ADA8}.Release|Any CPU.ActiveCfg = Release|Any CPU
		{91F1B23C-B618-47C5-92AB-36ED2421ADA8}.Release|Any CPU.Build.0 = Release|Any CPU
		{8F9F8B75-0C5C-489D-8784-4ABC948A919D}.Debug|Any CPU.ActiveCfg = Debug|Any CPU
		{8F9F8B75-0C5C-489D-8784-4ABC948A919D}.Debug|Any CPU.Build.0 = Debug|Any CPU
		{8F9F8B75-0C5C-489D-8784-4ABC948A919D}.Release|Any CPU.ActiveCfg = Release|Any CPU
		{8F9F8B75-0C5C-489D-8784-4ABC948A919D}.Release|Any CPU.Build.0 = Release|Any CPU
		{BDCAC892-BEB4-421D-94DD-AD0ADBBBA770}.Debug|Any CPU.ActiveCfg = Debug|Any CPU
		{BDCAC892-BEB4-421D-94DD-AD0ADBBBA770}.Debug|Any CPU.Build.0 = Debug|Any CPU
		{BDCAC892-BEB4-421D-94DD-AD0ADBBBA770}.Release|Any CPU.ActiveCfg = Release|Any CPU
		{BDCAC892-BEB4-421D-94DD-AD0ADBBBA770}.Release|Any CPU.Build.0 = Release|Any CPU
		{4472AECF-7E6D-465A-B7A6-EE43D43308F5}.Debug|Any CPU.ActiveCfg = Debug|Any CPU
		{4472AECF-7E6D-465A-B7A6-EE43D43308F5}.Debug|Any CPU.Build.0 = Debug|Any CPU
		{4472AECF-7E6D-465A-B7A6-EE43D43308F5}.Release|Any CPU.ActiveCfg = Release|Any CPU
		{4472AECF-7E6D-465A-B7A6-EE43D43308F5}.Release|Any CPU.Build.0 = Release|Any CPU
		{5523EA4E-2D65-4FAD-B2E4-46449C12C5F0}.Debug|Any CPU.ActiveCfg = Debug|Any CPU
		{5523EA4E-2D65-4FAD-B2E4-46449C12C5F0}.Debug|Any CPU.Build.0 = Debug|Any CPU
		{5523EA4E-2D65-4FAD-B2E4-46449C12C5F0}.Release|Any CPU.ActiveCfg = Release|Any CPU
		{5523EA4E-2D65-4FAD-B2E4-46449C12C5F0}.Release|Any CPU.Build.0 = Release|Any CPU
	EndGlobalSection
	GlobalSection(SolutionProperties) = preSolution
		HideSolutionNode = FALSE
	EndGlobalSection
	GlobalSection(ExtensibilityGlobals) = postSolution
		SolutionGuid = {E34A9CA1-AE2C-4358-BD0D-B59BBACCEAE3}
	EndGlobalSection
EndGlobal
